
Microsoft Visual Studio Solution File, Format Version 12.00
# Visual Studio Version 16
VisualStudioVersion = 16.0.31313.79
MinimumVisualStudioVersion = 10.0.40219.1
Project("{FAE04EC0-301F-11D3-BF4B-00C04F79EFBC}") = "Activity2", "Activity2\Activity2.csproj", "{43B02B2B-FF09-48BC-A000-3C262C9E24BC}"
EndProject
Global
	GlobalSection(SolutionConfigurationPlatforms) = preSolution
		Debug|Any CPU = Debug|Any CPU
		Release|Any CPU = Release|Any CPU
	EndGlobalSection
	GlobalSection(ProjectConfigurationPlatforms) = postSolution
		{43B02B2B-FF09-48BC-A000-3C262C9E24BC}.Debug|Any CPU.ActiveCfg = Debug|Any CPU
		{43B02B2B-FF09-48BC-A000-3C262C9E24BC}.Debug|Any CPU.Build.0 = Debug|Any CPU
		{43B02B2B-FF09-48BC-A000-3C262C9E24BC}.Release|Any CPU.ActiveCfg = Release|Any CPU
		{43B02B2B-FF09-48BC-A000-3C262C9E24BC}.Release|Any CPU.Build.0 = Release|Any CPU
	EndGlobalSection
	GlobalSection(SolutionProperties) = preSolution
		HideSolutionNode = FALSE
	EndGlobalSection
	GlobalSection(ExtensibilityGlobals) = postSolution
		SolutionGuid = {8C512380-0A14-4E86-A821-1BE34FF3A997}
	EndGlobalSection
EndGlobal
